{
  "name": "find-the-law-web",
  "version": "1.0.0",
  "lockfileVersion": 1,
  "requires": true,
  "dependencies": {
    "@material/animation": {
      "version": "8.0.0-canary.096a7a066.0",
      "resolved": "https://registry.npm.taobao.org/@material/animation/download/@material/animation-8.0.0-canary.096a7a066.0.tgz",
      "integrity": "sha1-nBs9MYWIieBOciyo8a3nrjxU9+Y=",
      "requires": {
        "tslib": "^1.9.3"
      }
    },
    "@material/base": {
      "version": "8.0.0-canary.096a7a066.0",
      "resolved": "https://registry.npm.taobao.org/@material/base/download/@material/base-8.0.0-canary.096a7a066.0.tgz",
      "integrity": "sha1-q9EFFSLLYUUKtnELa7YrYSmRVzA=",
      "requires": {
        "tslib": "^1.9.3"
      }
    },
    "@material/density": {
      "version": "8.0.0-canary.096a7a066.0",
      "resolved": "https://registry.npm.taobao.org/@material/density/download/@material/density-8.0.0-canary.096a7a066.0.tgz",
      "integrity": "sha1-D8KlTgO/yD2+N7ZGQCPfhZZF7oY="
    },
    "@material/dom": {
      "version": "8.0.0-canary.096a7a066.0",
      "resolved": "https://registry.npm.taobao.org/@material/dom/download/@material/dom-8.0.0-canary.096a7a066.0.tgz",
      "integrity": "sha1-WXamDNVw/qSweODp8wP604I9KTg=",
      "requires": {
        "@material/feature-targeting": "8.0.0-canary.096a7a066.0",
        "tslib": "^1.9.3"
      }
    },
    "@material/feature-targeting": {
      "version": "8.0.0-canary.096a7a066.0",
      "resolved": "https://registry.npm.taobao.org/@material/feature-targeting/download/@material/feature-targeting-8.0.0-canary.096a7a066.0.tgz",
      "integrity": "sha1-/KchwoewjghoRn7mDapdMqrRZDA="
    },
    "@material/floating-label": {
      "version": "8.0.0-canary.096a7a066.0",
      "resolved": "https://registry.npm.taobao.org/@material/floating-label/download/@material/floating-label-8.0.0-canary.096a7a066.0.tgz",
      "integrity": "sha1-30RulQjmq5kd6yn+oDXk+OaZ3vQ=",
      "requires": {
        "@material/animation": "8.0.0-canary.096a7a066.0",
        "@material/base": "8.0.0-canary.096a7a066.0",
        "@material/dom": "8.0.0-canary.096a7a066.0",
        "@material/feature-targeting": "8.0.0-canary.096a7a066.0",
        "@material/rtl": "8.0.0-canary.096a7a066.0",
        "@material/theme": "8.0.0-canary.096a7a066.0",
        "@material/typography": "8.0.0-canary.096a7a066.0",
        "tslib": "^1.9.3"
      }
    },
    "@material/line-ripple": {
      "version": "8.0.0-canary.096a7a066.0",
      "resolved": "https://registry.npm.taobao.org/@material/line-ripple/download/@material/line-ripple-8.0.0-canary.096a7a066.0.tgz",
      "integrity": "sha1-QlpU9SDtBGJzCwiBV1LENd9UH1w=",
      "requires": {
        "@material/animation": "8.0.0-canary.096a7a066.0",
        "@material/base": "8.0.0-canary.096a7a066.0",
        "@material/feature-targeting": "8.0.0-canary.096a7a066.0",
        "@material/theme": "8.0.0-canary.096a7a066.0",
        "tslib": "^1.9.3"
      }
    },
    "@material/mwc-base": {
      "version": "0.18.0",
      "resolved": "https://registry.npm.taobao.org/@material/mwc-base/download/@material/mwc-base-0.18.0.tgz",
      "integrity": "sha1-Xm2MKolM1ID45IZsYW+Ae2PShEA=",
      "requires": {
        "@material/base": "=8.0.0-canary.096a7a066.0",
        "@material/dom": "=8.0.0-canary.096a7a066.0",
        "lit-element": "^2.3.0",
        "tslib": "^1.10.0"
      }
    },
    "@material/mwc-button": {
      "version": "0.18.0",
      "resolved": "https://registry.npm.taobao.org/@material/mwc-button/download/@material/mwc-button-0.18.0.tgz",
      "integrity": "sha1-Gxmey8wGS56ve2+6SyuKf7E+FWo=",
      "requires": {
        "@material/mwc-icon": "^0.18.0",
        "@material/mwc-ripple": "^0.18.0",
        "lit-element": "^2.3.0",
        "lit-html": "^1.1.2",
        "tslib": "^1.10.0"
      }
    },
    "@material/mwc-floating-label": {
      "version": "0.18.0",
      "resolved": "https://registry.npm.taobao.org/@material/mwc-floating-label/download/@material/mwc-floating-label-0.18.0.tgz",
      "integrity": "sha1-EfY1Ua2MP1t/93soErekwfiM+z8=",
      "requires": {
        "@material/floating-label": "=8.0.0-canary.096a7a066.0",
        "lit-html": "^1.1.2",
        "tslib": "^1.10.0"
      }
    },
    "@material/mwc-icon": {
      "version": "0.18.0",
      "resolved": "https://registry.npm.taobao.org/@material/mwc-icon/download/@material/mwc-icon-0.18.0.tgz",
      "integrity": "sha1-cWSqrIlhYkG7kkpanbZo+MVOBL0=",
      "requires": {
        "lit-element": "^2.3.0",
        "tslib": "^1.10.0"
      }
    },
    "@material/mwc-line-ripple": {
      "version": "0.18.0",
      "resolved": "https://registry.npm.taobao.org/@material/mwc-line-ripple/download/@material/mwc-line-ripple-0.18.0.tgz",
      "integrity": "sha1-1A57B7y7tGAzsiFKzVksbZOlaDU=",
      "requires": {
        "@material/line-ripple": "=8.0.0-canary.096a7a066.0",
        "lit-html": "^1.1.2",
        "tslib": "^1.10.0"
      }
    },
    "@material/mwc-notched-outline": {
      "version": "0.18.0",
      "resolved": "https://registry.npm.taobao.org/@material/mwc-notched-outline/download/@material/mwc-notched-outline-0.18.0.tgz",
      "integrity": "sha1-LM0ZSta9wuoGOcVQuQ5xcCXYiBs=",
      "requires": {
        "@material/mwc-base": "^0.18.0",
        "@material/notched-outline": "=8.0.0-canary.096a7a066.0",
        "lit-element": "^2.3.0",
        "lit-html": "^1.1.2",
        "tslib": "^1.10.0"
      }
    },
    "@material/mwc-ripple": {
      "version": "0.18.0",
      "resolved": "https://registry.npm.taobao.org/@material/mwc-ripple/download/@material/mwc-ripple-0.18.0.tgz",
      "integrity": "sha1-P45d3F0fGlPMgYtxWd/H3QKSb78=",
      "requires": {
        "@material/dom": "=8.0.0-canary.096a7a066.0",
        "@material/mwc-base": "^0.18.0",
        "@material/ripple": "=8.0.0-canary.096a7a066.0",
        "lit-element": "^2.3.0",
        "lit-html": "^1.1.2",
        "tslib": "^1.10.0"
      }
    },
    "@material/mwc-textfield": {
      "version": "0.18.0",
      "resolved": "https://registry.npm.taobao.org/@material/mwc-textfield/download/@material/mwc-textfield-0.18.0.tgz",
      "integrity": "sha1-YtHe5iuzXlStODbFx+uig58Ys7c=",
      "requires": {
        "@material/floating-label": "=8.0.0-canary.096a7a066.0",
        "@material/line-ripple": "=8.0.0-canary.096a7a066.0",
        "@material/mwc-base": "^0.18.0",
        "@material/mwc-floating-label": "^0.18.0",
        "@material/mwc-line-ripple": "^0.18.0",
        "@material/mwc-notched-outline": "^0.18.0",
        "@material/textfield": "=8.0.0-canary.096a7a066.0",
        "lit-element": "^2.3.0",
        "lit-html": "^1.1.2",
        "tslib": "^1.10.0"
      }
    },
    "@material/notched-outline": {
      "version": "8.0.0-canary.096a7a066.0",
      "resolved": "https://registry.npm.taobao.org/@material/notched-outline/download/@material/notched-outline-8.0.0-canary.096a7a066.0.tgz",
      "integrity": "sha1-MoNZuvEL7s4N2a90clMzrTVlu0s=",
      "requires": {
        "@material/base": "8.0.0-canary.096a7a066.0",
        "@material/feature-targeting": "8.0.0-canary.096a7a066.0",
        "@material/floating-label": "8.0.0-canary.096a7a066.0",
        "@material/rtl": "8.0.0-canary.096a7a066.0",
        "@material/shape": "8.0.0-canary.096a7a066.0",
        "@material/theme": "8.0.0-canary.096a7a066.0",
        "tslib": "^1.9.3"
      }
    },
    "@material/ripple": {
      "version": "8.0.0-canary.096a7a066.0",
      "resolved": "https://registry.npm.taobao.org/@material/ripple/download/@material/ripple-8.0.0-canary.096a7a066.0.tgz",
      "integrity": "sha1-xrFdM8hw7sgVtnx0DIn+djFUJt0=",
      "requires": {
        "@material/animation": "8.0.0-canary.096a7a066.0",
        "@material/base": "8.0.0-canary.096a7a066.0",
        "@material/dom": "8.0.0-canary.096a7a066.0",
        "@material/feature-targeting": "8.0.0-canary.096a7a066.0",
        "@material/theme": "8.0.0-canary.096a7a066.0",
        "tslib": "^1.9.3"
      }
    },
    "@material/rtl": {
      "version": "8.0.0-canary.096a7a066.0",
      "resolved": "https://registry.npm.taobao.org/@material/rtl/download/@material/rtl-8.0.0-canary.096a7a066.0.tgz",
      "integrity": "sha1-YY6WjAG8LBs1WSA6wxkvHMIevPY=",
      "requires": {
        "@material/theme": "8.0.0-canary.096a7a066.0"
      }
    },
    "@material/shape": {
      "version": "8.0.0-canary.096a7a066.0",
      "resolved": "https://registry.npm.taobao.org/@material/shape/download/@material/shape-8.0.0-canary.096a7a066.0.tgz",
      "integrity": "sha1-eyCmfQa0w+O2vEqXQtPkT8v/9ds=",
      "requires": {
        "@material/feature-targeting": "8.0.0-canary.096a7a066.0",
        "@material/rtl": "8.0.0-canary.096a7a066.0",
        "@material/theme": "8.0.0-canary.096a7a066.0"
      }
    },
    "@material/textfield": {
      "version": "8.0.0-canary.096a7a066.0",
      "resolved": "https://registry.npm.taobao.org/@material/textfield/download/@material/textfield-8.0.0-canary.096a7a066.0.tgz",
      "integrity": "sha1-BjIsQGaStViK6Ey9mHQ7vhz/iLE=",
      "requires": {
        "@material/animation": "8.0.0-canary.096a7a066.0",
        "@material/base": "8.0.0-canary.096a7a066.0",
        "@material/density": "8.0.0-canary.096a7a066.0",
        "@material/dom": "8.0.0-canary.096a7a066.0",
        "@material/feature-targeting": "8.0.0-canary.096a7a066.0",
        "@material/floating-label": "8.0.0-canary.096a7a066.0",
        "@material/line-ripple": "8.0.0-canary.096a7a066.0",
        "@material/notched-outline": "8.0.0-canary.096a7a066.0",
        "@material/ripple": "8.0.0-canary.096a7a066.0",
        "@material/rtl": "8.0.0-canary.096a7a066.0",
        "@material/shape": "8.0.0-canary.096a7a066.0",
        "@material/theme": "8.0.0-canary.096a7a066.0",
        "@material/typography": "8.0.0-canary.096a7a066.0",
        "tslib": "^1.9.3"
      }
    },
    "@material/theme": {
      "version": "8.0.0-canary.096a7a066.0",
      "resolved": "https://registry.npm.taobao.org/@material/theme/download/@material/theme-8.0.0-canary.096a7a066.0.tgz",
      "integrity": "sha1-9lfqpUV5fuPmotluSmH4RK09xCU=",
      "requires": {
        "@material/feature-targeting": "8.0.0-canary.096a7a066.0"
      }
    },
    "@material/typography": {
      "version": "8.0.0-canary.096a7a066.0",
      "resolved": "https://registry.npm.taobao.org/@material/typography/download/@material/typography-8.0.0-canary.096a7a066.0.tgz",
      "integrity": "sha1-tMrytgNmQDiWwFh8/sOjoI3olkw=",
      "requires": {
        "@material/feature-targeting": "8.0.0-canary.096a7a066.0",
        "@material/theme": "8.0.0-canary.096a7a066.0"
      }
    },
    "@types/linkify-it": {
      "version": "2.1.0",
      "resolved": "https://registry.npm.taobao.org/@types/linkify-it/download/@types/linkify-it-2.1.0.tgz",
      "integrity": "sha1-6j3WTEgFWXMReQth6HLL0e0s2AY="
    },
    "@types/markdown-it": {
      "version": "10.0.2",
      "resolved": "https://registry.npm.taobao.org/@types/markdown-it/download/@types/markdown-it-10.0.2.tgz",
      "integrity": "sha1-+TM0uceCHdsZhl39kez2iAlMJiY=",
      "requires": {
        "@types/linkify-it": "*",
        "@types/mdurl": "*"
      }
    },
    "@types/mdurl": {
      "version": "1.0.2",
      "resolved": "https://registry.npm.taobao.org/@types/mdurl/download/@types/mdurl-1.0.2.tgz",
      "integrity": "sha1-4s6dg6YTus8oTHvn1JGUXjnh+Ok="
    },
    "argparse": {
      "version": "1.0.10",
      "resolved": "https://registry.npm.taobao.org/argparse/download/argparse-1.0.10.tgz",
      "integrity": "sha1-vNZ5HqWuCXJeF+WtmIE0zUCz2RE=",
      "requires": {
        "sprintf-js": "~1.0.2"
      }
    },
    "entities": {
      "version": "2.0.3",
      "resolved": "https://registry.npm.taobao.org/entities/download/entities-2.0.3.tgz",
      "integrity": "sha1-XEh+V0Krk8Fau12iJ1m4WQ7AO38="
    },
    "find-the-law": {
      "version": "1.0.6",
      "resolved": "https://registry.npm.taobao.org/find-the-law/download/find-the-law-1.0.6.tgz?cache=0&sync_timestamp=1599397100480&other_urls=https%3A%2F%2Fregistry.npm.taobao.org%2Ffind-the-law%2Fdownload%2Ffind-the-law-1.0.6.tgz",
      "integrity": "sha1-TkbQte8Uy9llvh0KuZyB20RmE0c="
    },
    "katex": {
      "version": "0.6.0",
      "resolved": "https://registry.npm.taobao.org/katex/download/katex-0.6.0.tgz",
      "integrity": "sha1-EkGOCRIcBckgQbazuftrqyE8tvM=",
      "requires": {
        "match-at": "^0.1.0"
      }
    },
    "linkify-it": {
      "version": "3.0.2",
      "resolved": "https://registry.npm.taobao.org/linkify-it/download/linkify-it-3.0.2.tgz",
      "integrity": "sha1-9V7ri8HTrnVASeEkqzu1bZd5f7g=",
      "requires": {
        "uc.micro": "^1.0.1"
      }
    },
    "lit-element": {
      "version": "2.4.0",
      "resolved": "https://registry.npm.taobao.org/lit-element/download/lit-element-2.4.0.tgz",
      "integrity": "sha1-siYHoDeo/Aj1qAc23d9/P11AFFI=",
      "requires": {
        "lit-html": "^1.1.1"
      }
    },
    "lit-html": {
      "version": "1.3.0",
      "resolved": "https://registry.npm.taobao.org/lit-html/download/lit-html-1.3.0.tgz",
      "integrity": "sha1-yA88xXk6bepsBxcr6QpwqyDlYDQ="
    },
    "markdown-it": {
      "version": "11.0.0",
      "resolved": "https://registry.npm.taobao.org/markdown-it/download/markdown-it-11.0.0.tgz",
      "integrity": "sha1-2/wwNj5D11brxSw4WGuRuQBGuHY=",
      "requires": {
        "argparse": "^1.0.7",
        "entities": "~2.0.0",
        "linkify-it": "^3.0.1",
        "mdurl": "^1.0.1",
        "uc.micro": "^1.0.5"
      }
    },
    "markdown-it-katex": {
      "version": "2.0.3",
      "resolved": "https://registry.npm.taobao.org/markdown-it-katex/download/markdown-it-katex-2.0.3.tgz",
      "integrity": "sha1-17hqGuoLnWSW+rTnkZoY/e9YnDk=",
      "requires": {
        "katex": "^0.6.0"
      }
    },
    "match-at": {
      "version": "0.1.1",
      "resolved": "https://registry.npm.taobao.org/match-at/download/match-at-0.1.1.tgz",
      "integrity": "sha1-JdBA0pF3dwTV5lVru3kjDsLeBUA="
    },
    "mdurl": {
      "version": "1.0.1",
      "resolved": "https://registry.npm.taobao.org/mdurl/download/mdurl-1.0.1.tgz",
      "integrity": "sha1-/oWy7HWlkDfyrf7BAP1sYBdhFS4="
    },
    "sprintf-js": {
      "version": "1.0.3",
      "resolved": "https://registry.npm.taobao.org/sprintf-js/download/sprintf-js-1.0.3.tgz",
      "integrity": "sha1-BOaSb2YolTVPPdAVIDYzuFcpfiw="
    },
    "tslib": {
      "version": "1.13.0",
      "resolved": "https://registry.npm.taobao.org/tslib/download/tslib-1.13.0.tgz?cache=0&sync_timestamp=1596754132993&other_urls=https%3A%2F%2Fregistry.npm.taobao.org%2Ftslib%2Fdownload%2Ftslib-1.13.0.tgz",
      "integrity": "sha1-yIHhPMcBWJTtkUhi0nZDb6mkcEM="
    },
    "uc.micro": {
      "version": "1.0.6",
      "resolved": "https://registry.npm.taobao.org/uc.micro/download/uc.micro-1.0.6.tgz",
      "integrity": "sha1-nEEagCpAmpH8bPdAgbq6NLJEmaw="
    }
  }
}
